
Microsoft Visual Studio Solution File, Format Version 12.00
# Visual Studio Version 17
VisualStudioVersion = 17.7.34202.233
MinimumVisualStudioVersion = 10.0.40219.1
Project("{FAE04EC0-301F-11D3-BF4B-00C04F79EFBC}") = "win-drop-handler-test", "win-drop-handler-test.csproj", "{2F94AFA9-4029-4147-9762-5A8EBE824DFC}"
EndProject
Global
	GlobalSection(SolutionConfigurationPlatforms) = preSolution
		Debug|Any CPU = Debug|Any CPU
		Release|Any CPU = Release|Any CPU
	EndGlobalSection
	GlobalSection(ProjectConfigurationPlatforms) = postSolution
		{2F94AFA9-4029-4147-9762-5A8EBE824DFC}.Debug|Any CPU.ActiveCfg = Debug|Any CPU
		{2F94AFA9-4029-4147-9762-5A8EBE824DFC}.Debug|Any CPU.Build.0 = Debug|Any CPU
		{2F94AFA9-4029-4147-9762-5A8EBE824DFC}.Release|Any CPU.ActiveCfg = Release|Any CPU
		{2F94AFA9-4029-4147-9762-5A8EBE824DFC}.Release|Any CPU.Build.0 = Release|Any CPU
	EndGlobalSection
	GlobalSection(SolutionProperties) = preSolution
		HideSolutionNode = FALSE
	EndGlobalSection
	GlobalSection(ExtensibilityGlobals) = postSolution
		SolutionGuid = {8C8E94DA-40A0-4738-9E92-9F5DD6EE4152}
	EndGlobalSection
EndGlobal
